PODS:
  - Alamofire (5.9.1)
  - Moya/Core (15.0.0):
    - Alamofire (~> 5.0)
  - Moya/RxSwift (15.0.0):
    - Moya/Core
    - RxSwift (~> 6.0)
  - RxCocoa (6.7.1):
    - RxRelay (= 6.7.1)
    - RxSwift (= 6.7.1)
  - RxRelay (6.7.1):
    - RxSwift (= 6.7.1)
  - RxSwift (6.7.1)
  - XKHandyJson (0.0.1)
  - XKNetwork (1.0.4):
    - Moya/RxSwift
    - RxCocoa
    - XKHandyJson

DEPENDENCIES:
  - XKNetwork (from `../`)

SPEC REPOS:
  https://github.com/CocoaPods/Specs.git:
    - Alamofire
    - Moya
    - RxCocoa
    - RxRelay
    - RxSwift
    - XKHandyJson

EXTERNAL SOURCES:
  XKNetwork:
    :path: "../"

SPEC CHECKSUMS:
  Alamofire: f36a35757af4587d8e4f4bfa223ad10be2422b8c
  Moya: 138f0573e53411fb3dc17016add0b748dfbd78ee
  RxCocoa: f5609cb4637587a7faa99c5d5787e3ad582b75a4
  RxRelay: 4151ba01152436b08271e08410135e099880eae5
  RxSwift: b9a93a26031785159e11abd40d1a55bcb8057e52
  XKHandyJson: 908cfe51998554bf0f98f6a3066828ea09a60622
  XKNetwork: e43b14cce0d5a3b5ab32ef47031af42547e8fd66

PODFILE CHECKSUM: a1d27b9753746e2901e24e920e401213b218e28f

COCOAPODS: 1.15.2
